
Microsoft Visual Studio Solution File, Format Version 12.00
Project("{FAE04EC0-301F-11D3-BF4B-00C04F79EFBC}") = "FriendFace", "FriendFace\FriendFace.csproj", "{CD33F5CF-160B-42EC-BB6C-09779D2547FE}"
EndProject
Global
	GlobalSection(SolutionConfigurationPlatforms) = preSolution
		Debug|Any CPU = Debug|Any CPU
		Release|Any CPU = Release|Any CPU
	EndGlobalSection
	GlobalSection(ProjectConfigurationPlatforms) = postSolution
		{CD33F5CF-160B-42EC-BB6C-09779D2547FE}.Debug|Any CPU.ActiveCfg = Debug|Any CPU
		{CD33F5CF-160B-42EC-BB6C-09779D2547FE}.Debug|Any CPU.Build.0 = Debug|Any CPU
		{CD33F5CF-160B-42EC-BB6C-09779D2547FE}.Release|Any CPU.ActiveCfg = Release|Any CPU
		{CD33F5CF-160B-42EC-BB6C-09779D2547FE}.Release|Any CPU.Build.0 = Release|Any CPU
	EndGlobalSection
EndGlobal
